
Microsoft Visual Studio Solution File, Format Version 12.00
# Visual Studio Version 16
VisualStudioVersion = 16.0.29025.244
MinimumVisualStudioVersion = 10.0.40219.1
Project("{FAE04EC0-301F-11D3-BF4B-00C04F79EFBC}") = "MetasploitAutomatic", "MetasploitAutomatic\MetasploitAutomatic.csproj", "{0377C618-681C-4126-BF32-3A8BE30BE317}"
EndProject
Global
	GlobalSection(SolutionConfigurationPlatforms) = preSolution
		Debug|Any CPU = Debug|Any CPU
		Release|Any CPU = Release|Any CPU
	EndGlobalSection
	GlobalSection(ProjectConfigurationPlatforms) = postSolution
		{0377C618-681C-4126-BF32-3A8BE30BE317}.Debug|Any CPU.ActiveCfg = Debug|Any CPU
		{0377C618-681C-4126-BF32-3A8BE30BE317}.Debug|Any CPU.Build.0 = Debug|Any CPU
		{0377C618-681C-4126-BF32-3A8BE30BE317}.Release|Any CPU.ActiveCfg = Release|Any CPU
		{0377C618-681C-4126-BF32-3A8BE30BE317}.Release|Any CPU.Build.0 = Release|Any CPU
	EndGlobalSection
	GlobalSection(SolutionProperties) = preSolution
		HideSolutionNode = FALSE
	EndGlobalSection
	GlobalSection(ExtensibilityGlobals) = postSolution
		SolutionGuid = {87550C98-61B1-4D00-8396-71BCD77E1260}
	EndGlobalSection
EndGlobal
