
Microsoft Visual Studio Solution File, Format Version 12.00
# Visual Studio Version 16
VisualStudioVersion = 16.0.29025.244
MinimumVisualStudioVersion = 10.0.40219.1
Project("{FAE04EC0-301F-11D3-BF4B-00C04F79EFBC}") = "CuckooSandboxAutomatic", "CuckooSandboxAutomatic\CuckooSandboxAutomatic.csproj", "{3B7F5AAE-5EDC-4AD6-BC86-BF6176FD8177}"
EndProject
Global
	GlobalSection(SolutionConfigurationPlatforms) = preSolution
		Debug|Any CPU = Debug|Any CPU
		Release|Any CPU = Release|Any CPU
	EndGlobalSection
	GlobalSection(ProjectConfigurationPlatforms) = postSolution
		{3B7F5AAE-5EDC-4AD6-BC86-BF6176FD8177}.Debug|Any CPU.ActiveCfg = Debug|Any CPU
		{3B7F5AAE-5EDC-4AD6-BC86-BF6176FD8177}.Debug|Any CPU.Build.0 = Debug|Any CPU
		{3B7F5AAE-5EDC-4AD6-BC86-BF6176FD8177}.Release|Any CPU.ActiveCfg = Release|Any CPU
		{3B7F5AAE-5EDC-4AD6-BC86-BF6176FD8177}.Release|Any CPU.Build.0 = Release|Any CPU
	EndGlobalSection
	GlobalSection(SolutionProperties) = preSolution
		HideSolutionNode = FALSE
	EndGlobalSection
	GlobalSection(ExtensibilityGlobals) = postSolution
		SolutionGuid = {DBF646F7-2A62-4A54-8066-B4703C50BBDC}
	EndGlobalSection
EndGlobal
