
Microsoft Visual Studio Solution File, Format Version 12.00
# Visual Studio Version 16
VisualStudioVersion = 16.0.29025.244
MinimumVisualStudioVersion = 10.0.40219.1
Project("{FAE04EC0-301F-11D3-BF4B-00C04F79EFBC}") = "MetasploitPayload", "MetasploitPayload\MetasploitPayload.csproj", "{80295A47-6F4C-4618-846F-C7C29AEDB60C}"
EndProject
Global
	GlobalSection(SolutionConfigurationPlatforms) = preSolution
		Debug|Any CPU = Debug|Any CPU
		Release|Any CPU = Release|Any CPU
	EndGlobalSection
	GlobalSection(ProjectConfigurationPlatforms) = postSolution
		{80295A47-6F4C-4618-846F-C7C29AEDB60C}.Debug|Any CPU.ActiveCfg = Debug|Any CPU
		{80295A47-6F4C-4618-846F-C7C29AEDB60C}.Debug|Any CPU.Build.0 = Debug|Any CPU
		{80295A47-6F4C-4618-846F-C7C29AEDB60C}.Release|Any CPU.ActiveCfg = Release|Any CPU
		{80295A47-6F4C-4618-846F-C7C29AEDB60C}.Release|Any CPU.Build.0 = Release|Any CPU
	EndGlobalSection
	GlobalSection(SolutionProperties) = preSolution
		HideSolutionNode = FALSE
	EndGlobalSection
	GlobalSection(ExtensibilityGlobals) = postSolution
		SolutionGuid = {FED1A462-6A0F-4EA8-A4E6-1364A20DB008}
	EndGlobalSection
EndGlobal
